// !$*UTF8*$!
{
	archiveVersion = 1;
	classes = {
	};
	objectVersion = 77;
	objects = {

/* Begin PBXBuildFile section */
		9897C8D22FE25F26003A65E0 /* WidgetKit.framework in Frameworks */ = {isa = PBXBuildFile; fileRef = 9897C8D12FE25F26003A65E0 /* WidgetKit.framework */; };
		9897C8D42FE25F26003A65E0 /* SwiftUI.framework in Frameworks */ = {isa = PBXBuildFile; fileRef = 9897C8D32FE25F26003A65E0 /* SwiftUI.framework */; };
		9897C8E12FE25F27003A65E0 /* FitStreakWidgetExtension.appex in Embed Foundation Extensions */ = {isa = PBXBuildFile; fileRef = 9897C8CF2FE25F26003A65E0 /* FitStreakWidgetExtension.appex */; settings = {ATTRIBUTES = (RemoveHeadersOnCopy, ); }; };
/* End PBXBuildFile section */

/* Begin PBXContainerItemProxy section */
		9897C8DF2FE25F27003A65E0 /* PBXContainerItemProxy */ = {
			isa = PBXContainerItemProxy;
			containerPortal = 98B4EA7B2FE1023400E93082 /* Project object */;
			proxyType = 1;
			remoteGlobalIDString = 9897C8CE2FE25F26003A65E0;
			remoteInfo = FitStreakWidgetExtension;
		};
		98B4EA932FE1023400E93082 /* PBXContainerItemProxy */ = {
			isa = PBXContainerItemProxy;
			containerPortal = 98B4EA7B2FE1023400E93082 /* Project object */;
			proxyType = 1;
			remoteGlobalIDString = 98B4EA822FE1023400E93082;
			remoteInfo = FitStreak;
		};
		98B4EA9D2FE1023500E93082 /* PBXContainerItemProxy */ = {
			isa = PBXContainerItemProxy;
			containerPortal = 98B4EA7B2FE1023400E93082 /* Project object */;
			proxyType = 1;
			remoteGlobalIDString = 98B4EA822FE1023400E93082;
			remoteInfo = FitStreak;
		};
/* End PBXContainerItemProxy section */

/* Begin PBXCopyFilesBuildPhase section */
		9897C8E22FE25F27003A65E0 /* Embed Foundation Extensions */ = {
			isa = PBXCopyFilesBuildPhase;
			buildActionMask = 2147483647;
			dstPath = "";
			dstSubfolderSpec = 13;
			files = (
				9897C8E12FE25F27003A65E0 /* FitStreakWidgetExtension.appex in Embed Foundation Extensions */,
			);
			name = "Embed Foundation Extensions";
			runOnlyForDeploymentPostprocessing = 0;
		};
/* End PBXCopyFilesBuildPhase section */

/* Begin PBXFileReference section */
		9897C8CF2FE25F26003A65E0 /* FitStreakWidgetExtension.appex */ = {isa = PBXFileReference; explicitFileType = "wrapper.app-extension"; includeInIndex = 0; path = FitStreakWidgetExtension.appex; sourceTree = BUILT_PRODUCTS_DIR; };
		9897C8D12FE25F26003A65E0 /* WidgetKit.framework */ = {isa = PBXFileReference; lastKnownFileType = wrapper.framework; name = WidgetKit.framework; path = System/Library/Frameworks/WidgetKit.framework; sourceTree = SDKROOT; };
		9897C8D32FE25F26003A65E0 /* SwiftUI.framework */ = {isa = PBXFileReference; lastKnownFileType = wrapper.framework; name = SwiftUI.framework; path = System/Library/Frameworks/SwiftUI.framework; sourceTree = SDKROOT; };
		9897C8E82FE25F8A003A65E0 /* FitStreakWidgetExtension.entitlements */ = {isa = PBXFileReference; lastKnownFileType = text.plist.entitlements; path = FitStreakWidgetExtension.entitlements; sourceTree = "<group>"; };
		98B4EA832FE1023400E93082 /* FitStreak.app */ = {isa = PBXFileReference; explicitFileType = wrapper.application; includeInIndex = 0; path = FitStreak.app; sourceTree = BUILT_PRODUCTS_DIR; };
		98B4EA922FE1023400E93082 /* FitStreakTests.xctest */ = {isa = PBXFileReference; explicitFileType = wrapper.cfbundle; includeInIndex = 0; path = FitStreakTests.xctest; sourceTree = BUILT_PRODUCTS_DIR; };
		98B4EA9C2FE1023500E93082 /* FitStreakUITests.xctest */ = {isa = PBXFileReference; explicitFileType = wrapper.cfbundle; includeInIndex = 0; path = FitStreakUITests.xctest; sourceTree = BUILT_PRODUCTS_DIR; };
/* End PBXFileReference section */

/* Begin PBXFileSystemSynchronizedBuildFileExceptionSet section */
		9897C8E52FE25F27003A65E0 /* Exceptions for "FitStreakWidget" folder in "FitStreakWidgetExtension" target */ = {
			isa = PBXFileSystemSynchronizedBuildFileExceptionSet;
			membershipExceptions = (
				Info.plist,
			);
			target = 9897C8CE2FE25F26003A65E0 /* FitStreakWidgetExtension */;
		};
/* End PBXFileSystemSynchronizedBuildFileExceptionSet section */

/* Begin PBXFileSystemSynchronizedRootGroup section */
		9897C8D52FE25F26003A65E0 /* FitStreakWidget */ = {
			isa = PBXFileSystemSynchronizedRootGroup;
			exceptions = (
				9897C8E52FE25F27003A65E0 /* Exceptions for "FitStreakWidget" folder in "FitStreakWidgetExtension" target */,
			);
			path = FitStreakWidget;
			sourceTree = "<group>";
		};
		98B4EA852FE1023400E93082 /* FitStreak */ = {
			isa = PBXFileSystemSynchronizedRootGroup;
			path = FitStreak;
			sourceTree = "<group>";
		};
		98B4EA952FE1023500E93082 /* FitStreakTests */ = {
			isa = PBXFileSystemSynchronizedRootGroup;
			path = FitStreakTests;
			sourceTree = "<group>";
		};
		98B4EA9F2FE1023500E93082 /* FitStreakUITests */ = {
			isa = PBXFileSystemSynchronizedRootGroup;
			path = FitStreakUITests;
			sourceTree = "<group>";
		};
/* End PBXFileSystemSynchronizedRootGroup section */

/* Begin PBXFrameworksBuildPhase section */
		9897C8CC2FE25F26003A65E0 /* Frameworks */ = {
			isa = PBXFrameworksBuildPhase;
			buildActionMask = 2147483647;
			files = (
				9897C8D42FE25F26003A65E0 /* SwiftUI.framework in Frameworks */,
				9897C8D22FE25F26003A65E0 /* WidgetKit.framework in Frameworks */,
			);
			runOnlyForDeploymentPostprocessing = 0;
		};
		98B4EA802FE1023400E93082 /* Frameworks */ = {
			isa = PBXFrameworksBuildPhase;
			buildActionMask = 2147483647;
			files = (
			);
			runOnlyForDeploymentPostprocessing = 0;
		};
		98B4EA8F2FE1023400E93082 /* Frameworks */ = {
			isa = PBXFrameworksBuildPhase;
			buildActionMask = 2147483647;
			files = (
			);
			runOnlyForDeploymentPostprocessing = 0;
		};
		98B4EA992FE1023500E93082 /* Frameworks */ = {
			isa = PBXFrameworksBuildPhase;
			buildActionMask = 2147483647;
			files = (
			);
			runOnlyForDeploymentPostprocessing = 0;
		};
/* End PBXFrameworksBuildPhase section */

/* Begin PBXGroup section */
		9897C8D02FE25F26003A65E0 /* Frameworks */ = {
			isa = PBXGroup;
			children = (
				9897C8D12FE25F26003A65E0 /* WidgetKit.framework */,
				9897C8D32FE25F26003A65E0 /* SwiftUI.framework */,
			);
			name = Frameworks;
			sourceTree = "<group>";
		};
		98B4EA7A2FE1023400E93082 = {
			isa = PBXGroup;
			children = (
				9897C8E82FE25F8A003A65E0 /* FitStreakWidgetExtension.entitlements */,
				98B4EA852FE1023400E93082 /* FitStreak */,
				98B4EA952FE1023500E93082 /* FitStreakTests */,
				98B4EA9F2FE1023500E93082 /* FitStreakUITests */,
				9897C8D52FE25F26003A65E0 /* FitStreakWidget */,
				9897C8D02FE25F26003A65E0 /* Frameworks */,
				98B4EA842FE1023400E93082 /* Products */,
			);
			sourceTree = "<group>";
		};
		98B4EA842FE1023400E93082 /* Products */ = {
			isa = PBXGroup;
			children = (
				98B4EA832FE1023400E93082 /* FitStreak.app */,
				98B4EA922FE1023400E93082 /* FitStreakTests.xctest */,
				98B4EA9C2FE1023500E93082 /* FitStreakUITests.xctest */,
				9897C8CF2FE25F26003A65E0 /* FitStreakWidgetExtension.appex */,
			);
			name = Products;
			sourceTree = "<group>";
		};
/* End PBXGroup section */

/* Begin PBXNativeTarget section */
		9897C8CE2FE25F26003A65E0 /* FitStreakWidgetExtension */ = {
			isa = PBXNativeTarget;
			buildConfigurationList = 9897C8E62FE25F27003A65E0 /* Build configuration list for PBXNativeTarget "FitStreakWidgetExtension" */;
			buildPhases = (
				9897C8CB2FE25F26003A65E0 /* Sources */,
				9897C8CC2FE25F26003A65E0 /* Frameworks */,
				9897C8CD2FE25F26003A65E0 /* Resources */,
			);
			buildRules = (
			);
			dependencies = (
			);
			fileSystemSynchronizedGroups = (
				9897C8D52FE25F26003A65E0 /* FitStreakWidget */,
			);
			name = FitStreakWidgetExtension;
			packageProductDependencies = (
			);
			productName = FitStreakWidgetExtension;
			productReference = 9897C8CF2FE25F26003A65E0 /* FitStreakWidgetExtension.appex */;
			productType = "com.apple.product-type.app-extension";
		};
		98B4EA822FE1023400E93082 /* FitStreak */ = {
			isa = PBXNativeTarget;
			buildConfigurationList = 98B4EAA62FE1023500E93082 /* Build configuration list for PBXNativeTarget "FitStreak" */;
			buildPhases = (
				98B4EA7F2FE1023400E93082 /* Sources */,
				98B4EA802FE1023400E93082 /* Frameworks */,
				98B4EA812FE1023400E93082 /* Resources */,
				9897C8E22FE25F27003A65E0 /* Embed Foundation Extensions */,
			);
			buildRules = (
			);
			dependencies = (
				9897C8E02FE25F27003A65E0 /* PBXTargetDependency */,
			);
			fileSystemSynchronizedGroups = (
				98B4EA852FE1023400E93082 /* FitStreak */,
			);
			name = FitStreak;
			packageProductDependencies = (
			);
			productName = FitStreak;
			productReference = 98B4EA832FE1023400E93082 /* FitStreak.app */;
			productType = "com.apple.product-type.application";
		};
		98B4EA912FE1023400E93082 /* FitStreakTests */ = {
			isa = PBXNativeTarget;
			buildConfigurationList = 98B4EAA92FE1023500E93082 /* Build configuration list for PBXNativeTarget "FitStreakTests" */;
			buildPhases = (
				98B4EA8E2FE1023400E93082 /* Sources */,
				98B4EA8F2FE1023400E93082 /* Frameworks */,
				98B4EA902FE1023400E93082 /* Resources */,
			);
			buildRules = (
			);
			dependencies = (
				98B4EA942FE1023400E93082 /* PBXTargetDependency */,
			);
			fileSystemSynchronizedGroups = (
				98B4EA952FE1023500E93082 /* FitStreakTests */,
			);
			name = FitStreakTests;
			packageProductDependencies = (
			);
			productName = FitStreakTests;
			productReference = 98B4EA922FE1023400E93082 /* FitStreakTests.xctest */;
			productType = "com.apple.product-type.bundle.unit-test";
		};
		98B4EA9B2FE1023500E93082 /* FitStreakUITests */ = {
			isa = PBXNativeTarget;
			buildConfigurationList = 98B4EAAC2FE1023500E93082 /* Build configuration list for PBXNativeTarget "FitStreakUITests" */;
			buildPhases = (
				98B4EA982FE1023500E93082 /* Sources */,
				98B4EA992FE1023500E93082 /* Frameworks */,
				98B4EA9A2FE1023500E93082 /* Resources */,
			);
			buildRules = (
			);
			dependencies = (
				98B4EA9E2FE1023500E93082 /* PBXTargetDependency */,
			);
			fileSystemSynchronizedGroups = (
				98B4EA9F2FE1023500E93082 /* FitStreakUITests */,
			);
			name = FitStreakUITests;
			packageProductDependencies = (
			);
			productName = FitStreakUITests;
			productReference = 98B4EA9C2FE1023500E93082 /* FitStreakUITests.xctest */;
			productType = "com.apple.product-type.bundle.ui-testing";
		};
/* End PBXNativeTarget section */

/* Begin PBXProject section */
		98B4EA7B2FE1023400E93082 /* Project object */ = {
			isa = PBXProject;
			attributes = {
				BuildIndependentTargetsInParallel = 1;
				LastSwiftUpdateCheck = 2650;
				LastUpgradeCheck = 2650;
				TargetAttributes = {
					9897C8CE2FE25F26003A65E0 = {
						CreatedOnToolsVersion = 26.5;
					};
					98B4EA822FE1023400E93082 = {
						CreatedOnToolsVersion = 26.5;
					};
					98B4EA912FE1023400E93082 = {
						CreatedOnToolsVersion = 26.5;
						TestTargetID = 98B4EA822FE1023400E93082;
					};
					98B4EA9B2FE1023500E93082 = {
						CreatedOnToolsVersion = 26.5;
						TestTargetID = 98B4EA822FE1023400E93082;
					};
				};
			};
			buildConfigurationList = 98B4EA7E2FE1023400E93082 /* Build configuration list for PBXProject "FitStreak" */;
			developmentRegion = en;
			hasScannedForEncodings = 0;
			knownRegions = (
				en,
				Base,
			);
			mainGroup = 98B4EA7A2FE1023400E93082;
			minimizedProjectReferenceProxies = 1;
			preferredProjectObjectVersion = 77;
			productRefGroup = 98B4EA842FE1023400E93082 /* Products */;
			projectDirPath = "";
			projectRoot = "";
			targets = (
				98B4EA822FE1023400E93082 /* FitStreak */,
				98B4EA912FE1023400E93082 /* FitStreakTests */,
				98B4EA9B2FE1023500E93082 /* FitStreakUITests */,
				9897C8CE2FE25F26003A65E0 /* FitStreakWidgetExtension */,
			);
		};
/* End PBXProject section */

/* Begin PBXResourcesBuildPhase section */
		9897C8CD2FE25F26003A65E0 /* Resources */ = {
			isa = PBXResourcesBuildPhase;
			buildActionMask = 2147483647;
			files = (
			);
			runOnlyForDeploymentPostprocessing = 0;
		};
		98B4EA812FE1023400E93082 /* Resources */ = {
			isa = PBXResourcesBuildPhase;
			buildActionMask = 2147483647;
			files = (
			);
			runOnlyForDeploymentPostprocessing = 0;
		};
		98B4EA902FE1023400E93082 /* Resources */ = {
			isa = PBXResourcesBuildPhase;
			buildActionMask = 2147483647;
			files = (
			);
			runOnlyForDeploymentPostprocessing = 0;
		};
		98B4EA9A2FE1023500E93082 /* Resources */ = {
			isa = PBXResourcesBuildPhase;
			buildActionMask = 2147483647;
			files = (
			);
			runOnlyForDeploymentPostprocessing = 0;
		};
/* End PBXResourcesBuildPhase section */

/* Begin PBXSourcesBuildPhase section */
		9897C8CB2FE25F26003A65E0 /* Sources */ = {
			isa = PBXSourcesBuildPhase;
			buildActionMask = 2147483647;
			files = (
			);
			runOnlyForDeploymentPostprocessing = 0;
		};
		98B4EA7F2FE1023400E93082 /* Sources */ = {
			isa = PBXSourcesBuildPhase;
			buildActionMask = 2147483647;
			files = (
			);
			runOnlyForDeploymentPostprocessing = 0;
		};
		98B4EA8E2FE1023400E93082 /* Sources */ = {
			isa = PBXSourcesBuildPhase;
			buildActionMask = 2147483647;
			files = (
			);
			runOnlyForDeploymentPostprocessing = 0;
		};
		98B4EA982FE1023500E93082 /* Sources */ = {
			isa = PBXSourcesBuildPhase;
			buildActionMask = 2147483647;
			files = (
			);
			runOnlyForDeploymentPostprocessing = 0;
		};
/* End PBXSourcesBuildPhase section */

/* Begin PBXTargetDependency section */
		9897C8E02FE25F27003A65E0 /* PBXTargetDependency */ = {
			isa = PBXTargetDependency;
			target = 9897C8CE2FE25F26003A65E0 /* FitStreakWidgetExtension */;
			targetProxy = 9897C8DF2FE25F27003A65E0 /* PBXContainerItemProxy */;
		};
		98B4EA942FE1023400E93082 /* PBXTargetDependency */ = {
			isa = PBXTargetDependency;
			target = 98B4EA822FE1023400E93082 /* FitStreak */;
			targetProxy = 98B4EA932FE1023400E93082 /* PBXContainerItemProxy */;
		};
		98B4EA9E2FE1023500E93082 /* PBXTargetDependency */ = {
			isa = PBXTargetDependency;
			target = 98B4EA822FE1023400E93082 /* FitStreak */;
			targetProxy = 98B4EA9D2FE1023500E93082 /* PBXContainerItemProxy */;
		};
/* End PBXTargetDependency section */

/* Begin XCBuildConfiguration section */
		9897C8E32FE25F27003A65E0 /* Debug */ = {
			isa = XCBuildConfiguration;
			buildSettings = {
				ASSETCATALOG_COMPILER_GLOBAL_ACCENT_COLOR_NAME = AccentColor;
				ASSETCATALOG_COMPILER_WIDGET_BACKGROUND_COLOR_NAME = WidgetBackground;
				CODE_SIGN_ENTITLEMENTS = FitStreakWidgetExtension.entitlements;
				CODE_SIGN_STYLE = Automatic;
				CURRENT_PROJECT_VERSION = 1;
				DEVELOPMENT_TEAM = B73ZRMP4UM;
				GENERATE_INFOPLIST_FILE = YES;
				INFOPLIST_FILE = FitStreakWidget/Info.plist;
				INFOPLIST_KEY_CFBundleDisplayName = FitStreakWidget;
				INFOPLIST_KEY_NSHumanReadableCopyright = "";
				IPHONEOS_DEPLOYMENT_TARGET = 26.5;
				LD_RUNPATH_SEARCH_PATHS = (
					"$(inherited)",
					"@executable_path/Frameworks",
					"@executable_path/../../Frameworks",
				);
				MARKETING_VERSION = 1.0;
				PRODUCT_BUNDLE_IDENTIFIER = com.richardking.FitStreak.FitStreakWidget;
				PRODUCT_NAME = "$(TARGET_NAME)";
				SDKROOT = iphoneos;
				SKIP_INSTALL = YES;
				STRING_CATALOG_GENERATE_SYMBOLS = YES;
				SWIFT_APPROACHABLE_CONCURRENCY = YES;
				SWIFT_EMIT_LOC_STRINGS = YES;
				SWIFT_UPCOMING_FEATURE_MEMBER_IMPORT_VISIBILITY = YES;
				SWIFT_VERSION = 5.0;
				TARGETED_DEVICE_FAMILY = "1,2";
			};
			name = Debug;
		};
		9897C8E42FE25F27003A65E0 /* Release */ = {
			isa = XCBuildConfiguration;
			buildSettings = {
				ASSETCATALOG_COMPILER_GLOBAL_ACCENT_COLOR_NAME = AccentColor;
				ASSETCATALOG_COMPILER_WIDGET_BACKGROUND_COLOR_NAME = WidgetBackground;
				CODE_SIGN_ENTITLEMENTS = FitStreakWidgetExtension.entitlements;
				CODE_SIGN_STYLE = Automatic;
				CURRENT_PROJECT_VERSION = 1;
				DEVELOPMENT_TEAM = B73ZRMP4UM;
				GENERATE_INFOPLIST_FILE = YES;
				INFOPLIST_FILE = FitStreakWidget/Info.plist;
				INFOPLIST_KEY_CFBundleDisplayName = FitStreakWidget;
				INFOPLIST_KEY_NSHumanReadableCopyright = "";
				IPHONEOS_DEPLOYMENT_TARGET = 26.5;
				LD_RUNPATH_SEARCH_PATHS = (
					"$(inherited)",
					"@executable_path/Frameworks",
					"@executable_path/../../Frameworks",
				);
				MARKETING_VERSION = 1.0;
				PRODUCT_BUNDLE_IDENTIFIER = com.richardking.FitStreak.FitStreakWidget;
				PRODUCT_NAME = "$(TARGET_NAME)";
				SDKROOT = iphoneos;
				SKIP_INSTALL = YES;
				STRING_CATALOG_GENERATE_SYMBOLS = YES;
				SWIFT_APPROACHABLE_CONCURRENCY = YES;
				SWIFT_EMIT_LOC_STRINGS = YES;
				SWIFT_UPCOMING_FEATURE_MEMBER_IMPORT_VISIBILITY = YES;
				SWIFT_VERSION = 5.0;
				TARGETED_DEVICE_FAMILY = "1,2";
				VALIDATE_PRODUCT = YES;
			};
			name = Release;
		};
		98B4EAA42FE1023500E93082 /* Debug */ = {
			isa = XCBuildConfiguration;
			buildSettings = {
				ALWAYS_SEARCH_USER_PATHS = NO;
				ASSETCATALOG_COMPILER_GENERATE_SWIFT_ASSET_SYMBOL_EXTENSIONS = YES;
				CLANG_ANALYZER_NONNULL = YES;
				CLANG_ANALYZER_NUMBER_OBJECT_CONVERSION = YES_AGGRESSIVE;
				CLANG_CXX_LANGUAGE_STANDARD = "gnu++20";
				CLANG_ENABLE_MODULES = YES;
				CLANG_ENABLE_OBJC_ARC = YES;
				CLANG_ENABLE_OBJC_WEAK = YES;
				CLANG_WARN_BLOCK_CAPTURE_AUTORELEASING = YES;
				CLANG_WARN_BOOL_CONVERSION = YES;
				CLANG_WARN_COMMA = YES;
				CLANG_WARN_CONSTANT_CONVERSION = YES;
				CLANG_WARN_DEPRECATED_OBJC_IMPLEMENTATIONS = YES;
				CLANG_WARN_DIRECT_OBJC_ISA_USAGE = YES_ERROR;
				CLANG_WARN_DOCUMENTATION_COMMENTS = YES;
				CLANG_WARN_EMPTY_BODY = YES;
				CLANG_WARN_ENUM_CONVERSION = YES;
				CLANG_WARN_INFINITE_RECURSION = YES;
				CLANG_WARN_INT_CONVERSION = YES;
				CLANG_WARN_NON_LITERAL_NULL_CONVERSION = YES;
				CLANG_WARN_OBJC_IMPLICIT_RETAIN_SELF = YES;
				CLANG_WARN_OBJC_LITERAL_CONVERSION = YES;
				CLANG_WARN_OBJC_ROOT_CLASS = YES_ERROR;
				CLANG_WARN_QUOTED_INCLUDE_IN_FRAMEWORK_HEADER = YES;
				CLANG_WARN_RANGE_LOOP_ANALYSIS = YES;
				CLANG_WARN_STRICT_PROTOTYPES = YES;
				CLANG_WARN_SUSPICIOUS_MOVE = YES;
				CLANG_WARN_UNGUARDED_AVAILABILITY = YES_AGGRESSIVE;
				CLANG_WARN_UNREACHABLE_CODE = YES;
				CLANG_WARN__DUPLICATE_METHOD_MATCH = YES;
				COPY_PHASE_STRIP = NO;
				DEBUG_INFORMATION_FORMAT = dwarf;
				DEVELOPMENT_TEAM = B73ZRMP4UM;
				ENABLE_STRICT_OBJC_MSGSEND = YES;
				ENABLE_TESTABILITY = YES;
				ENABLE_USER_SCRIPT_SANDBOXING = YES;
				GCC_C_LANGUAGE_STANDARD = gnu17;
				GCC_DYNAMIC_NO_PIC = NO;
				GCC_NO_COMMON_BLOCKS = YES;
				GCC_OPTIMIZATION_LEVEL = 0;
				GCC_PREPROCESSOR_DEFINITIONS = (
					"DEBUG=1",
					"$(inherited)",
				);
				GCC_WARN_64_TO_32_BIT_CONVERSION = YES;
				GCC_WARN_ABOUT_RETURN_TYPE = YES_ERROR;
				GCC_WARN_UNDECLARED_SELECTOR = YES;
				GCC_WARN_UNINITIALIZED_AUTOS = YES_AGGRESSIVE;
				GCC_WARN_UNUSED_FUNCTION = YES;
				GCC_WARN_UNUSED_VARIABLE = YES;
				LOCALIZATION_PREFERS_STRING_CATALOGS = YES;
				MTL_ENABLE_DEBUG_INFO = INCLUDE_SOURCE;
				MTL_FAST_MATH = YES;
				ONLY_ACTIVE_ARCH = YES;
				SWIFT_ACTIVE_COMPILATION_CONDITIONS = "DEBUG $(inherited)";
				SWIFT_OPTIMIZATION_LEVEL = "-Onone";
			};
			name = Debug;
		};
		98B4EAA52FE1023500E93082 /* Release */ = {
			isa = XCBuildConfiguration;
			buildSettings = {
				ALWAYS_SEARCH_USER_PATHS = NO;
				ASSETCATALOG_COMPILER_GENERATE_SWIFT_ASSET_SYMBOL_EXTENSIONS = YES;
				CLANG_ANALYZER_NONNULL = YES;
				CLANG_ANALYZER_NUMBER_OBJECT_CONVERSION = YES_AGGRESSIVE;
				CLANG_CXX_LANGUAGE_STANDARD = "gnu++20";
				CLANG_ENABLE_MODULES = YES;
				CLANG_ENABLE_OBJC_ARC = YES;
				CLANG_ENABLE_OBJC_WEAK = YES;
				CLANG_WARN_BLOCK_CAPTURE_AUTORELEASING = YES;
				CLANG_WARN_BOOL_CONVERSION = YES;
				CLANG_WARN_COMMA = YES;
				CLANG_WARN_CONSTANT_CONVERSION = YES;
				CLANG_WARN_DEPRECATED_OBJC_IMPLEMENTATIONS = YES;
				CLANG_WARN_DIRECT_OBJC_ISA_USAGE = YES_ERROR;
				CLANG_WARN_DOCUMENTATION_COMMENTS = YES;
				CLANG_WARN_EMPTY_BODY = YES;
				CLANG_WARN_ENUM_CONVERSION = YES;
				CLANG_WARN_INFINITE_RECURSION = YES;
				CLANG_WARN_INT_CONVERSION = YES;
				CLANG_WARN_NON_LITERAL_NULL_CONVERSION = YES;
				CLANG_WARN_OBJC_IMPLICIT_RETAIN_SELF = YES;
				CLANG_WARN_OBJC_LITERAL_CONVERSION = YES;
				CLANG_WARN_OBJC_ROOT_CLASS = YES_ERROR;
				CLANG_WARN_QUOTED_INCLUDE_IN_FRAMEWORK_HEADER = YES;
				CLANG_WARN_RANGE_LOOP_ANALYSIS = YES;
				CLANG_WARN_STRICT_PROTOTYPES = YES;
				CLANG_WARN_SUSPICIOUS_MOVE = YES;
				CLANG_WARN_UNGUARDED_AVAILABILITY = YES_AGGRESSIVE;
				CLANG_WARN_UNREACHABLE_CODE = YES;
				CLANG_WARN__DUPLICATE_METHOD_MATCH = YES;
				COPY_PHASE_STRIP = NO;
				DEBUG_INFORMATION_FORMAT = "dwarf-with-dsym";
				DEVELOPMENT_TEAM = B73ZRMP4UM;
				ENABLE_NS_ASSERTIONS = NO;
				ENABLE_STRICT_OBJC_MSGSEND = YES;
				ENABLE_USER_SCRIPT_SANDBOXING = YES;
				GCC_C_LANGUAGE_STANDARD = gnu17;
				GCC_NO_COMMON_BLOCKS = YES;
				GCC_WARN_64_TO_32_BIT_CONVERSION = YES;
				GCC_WARN_ABOUT_RETURN_TYPE = YES_ERROR;
				GCC_WARN_UNDECLARED_SELECTOR = YES;
				GCC_WARN_UNINITIALIZED_AUTOS = YES_AGGRESSIVE;
				GCC_WARN_UNUSED_FUNCTION = YES;
				GCC_WARN_UNUSED_VARIABLE = YES;
				LOCALIZATION_PREFERS_STRING_CATALOGS = YES;
				MTL_ENABLE_DEBUG_INFO = NO;
				MTL_FAST_MATH = YES;
				SWIFT_COMPILATION_MODE = wholemodule;
			};
			name = Release;
		};
		98B4EAA72FE1023500E93082 /* Debug */ = {
			isa = XCBuildConfiguration;
			buildSettings = {
				ASSETCATALOG_COMPILER_APPICON_NAME = AppIcon;
				ASSETCATALOG_COMPILER_GLOBAL_ACCENT_COLOR_NAME = AccentColor;
				CODE_SIGN_ENTITLEMENTS = FitStreak/FitStreak.entitlements;
				CODE_SIGN_STYLE = Automatic;
				CURRENT_PROJECT_VERSION = 1;
				DEVELOPMENT_TEAM = B73ZRMP4UM;
				ENABLE_APP_SANDBOX = YES;
				ENABLE_HARDENED_RUNTIME = YES;
				ENABLE_PREVIEWS = YES;
				ENABLE_USER_SELECTED_FILES = readonly;
				GENERATE_INFOPLIST_FILE = YES;
				"INFOPLIST_KEY_UIApplicationSceneManifest_Generation[sdk=iphoneos*]" = YES;
				"INFOPLIST_KEY_UIApplicationSceneManifest_Generation[sdk=iphonesimulator*]" = YES;
				"INFOPLIST_KEY_UIApplicationSupportsIndirectInputEvents[sdk=iphoneos*]" = YES;
				"INFOPLIST_KEY_UIApplicationSupportsIndirectInputEvents[sdk=iphonesimulator*]" = YES;
				"INFOPLIST_KEY_UILaunchScreen_Generation[sdk=iphoneos*]" = YES;
				"INFOPLIST_KEY_UILaunchScreen_Generation[sdk=iphonesimulator*]" = YES;
				"INFOPLIST_KEY_UIStatusBarStyle[sdk=iphoneos*]" = UIStatusBarStyleDefault;
				"INFOPLIST_KEY_UIStatusBarStyle[sdk=iphonesimulator*]" = UIStatusBarStyleDefault;
				INFOPLIST_KEY_UISupportedInterfaceOrientations_iPad = "UIInterfaceOrientationPortrait UIInterfaceOrientationPortraitUpsideDown UIInterfaceOrientationLandscapeLeft UIInterfaceOrientationLandscapeRight";
				INFOPLIST_KEY_UISupportedInterfaceOrientations_iPhone = "UIInterfaceOrientationPortrait UIInterfaceOrientationLandscapeLeft UIInterfaceOrientationLandscapeRight";
				IPHONEOS_DEPLOYMENT_TARGET = 26.5;
				LD_RUNPATH_SEARCH_PATHS = "@executable_path/Frameworks";
				"LD_RUNPATH_SEARCH_PATHS[sdk=macosx*]" = "@executable_path/../Frameworks";
				MACOSX_DEPLOYMENT_TARGET = 26.5;
				MARKETING_VERSION = 1.0;
				PRODUCT_BUNDLE_IDENTIFIER = com.richardking.FitStreak;
				PRODUCT_NAME = "$(TARGET_NAME)";
				REGISTER_APP_GROUPS = YES;
				SDKROOT = auto;
				STRING_CATALOG_GENERATE_SYMBOLS = YES;
				SUPPORTED_PLATFORMS = "iphoneos iphonesimulator";
				SWIFT_APPROACHABLE_CONCURRENCY = YES;
				SWIFT_DEFAULT_ACTOR_ISOLATION = MainActor;
				SWIFT_EMIT_LOC_STRINGS = YES;
				SWIFT_UPCOMING_FEATURE_MEMBER_IMPORT_VISIBILITY = YES;
				SWIFT_VERSION = 5.0;
				TARGETED_DEVICE_FAMILY = "1,2";
				XROS_DEPLOYMENT_TARGET = 26.5;
			};
			name = Debug;
		};
		98B4EAA82FE1023500E93082 /* Release */ = {
			isa = XCBuildConfiguration;
			buildSettings = {
				ASSETCATALOG_COMPILER_APPICON_NAME = AppIcon;
				ASSETCATALOG_COMPILER_GLOBAL_ACCENT_COLOR_NAME = AccentColor;
				CODE_SIGN_ENTITLEMENTS = FitStreak/FitStreak.entitlements;
				CODE_SIGN_STYLE = Automatic;
				CURRENT_PROJECT_VERSION = 1;
				DEVELOPMENT_TEAM = B73ZRMP4UM;
				ENABLE_APP_SANDBOX = YES;
				ENABLE_HARDENED_RUNTIME = YES;
				ENABLE_PREVIEWS = YES;
				ENABLE_USER_SELECTED_FILES = readonly;
				GENERATE_INFOPLIST_FILE = YES;
				"INFOPLIST_KEY_UIApplicationSceneManifest_Generation[sdk=iphoneos*]" = YES;
				"INFOPLIST_KEY_UIApplicationSceneManifest_Generation[sdk=iphonesimulator*]" = YES;
				"INFOPLIST_KEY_UIApplicationSupportsIndirectInputEvents[sdk=iphoneos*]" = YES;
				"INFOPLIST_KEY_UIApplicationSupportsIndirectInputEvents[sdk=iphonesimulator*]" = YES;
				"INFOPLIST_KEY_UILaunchScreen_Generation[sdk=iphoneos*]" = YES;
				"INFOPLIST_KEY_UILaunchScreen_Generation[sdk=iphonesimulator*]" = YES;
				"INFOPLIST_KEY_UIStatusBarStyle[sdk=iphoneos*]" = UIStatusBarStyleDefault;
				"INFOPLIST_KEY_UIStatusBarStyle[sdk=iphonesimulator*]" = UIStatusBarStyleDefault;
				INFOPLIST_KEY_UISupportedInterfaceOrientations_iPad = "UIInterfaceOrientationPortrait UIInterfaceOrientationPortraitUpsideDown UIInterfaceOrientationLandscapeLeft UIInterfaceOrientationLandscapeRight";
				INFOPLIST_KEY_UISupportedInterfaceOrientations_iPhone = "UIInterfaceOrientationPortrait UIInterfaceOrientationLandscapeLeft UIInterfaceOrientationLandscapeRight";
				IPHONEOS_DEPLOYMENT_TARGET = 26.5;
				LD_RUNPATH_SEARCH_PATHS = "@executable_path/Frameworks";
				"LD_RUNPATH_SEARCH_PATHS[sdk=macosx*]" = "@executable_path/../Frameworks";
				MACOSX_DEPLOYMENT_TARGET = 26.5;
				MARKETING_VERSION = 1.0;
				PRODUCT_BUNDLE_IDENTIFIER = com.richardking.FitStreak;
				PRODUCT_NAME = "$(TARGET_NAME)";
				REGISTER_APP_GROUPS = YES;
				SDKROOT = auto;
				STRING_CATALOG_GENERATE_SYMBOLS = YES;
				SUPPORTED_PLATFORMS = "iphoneos iphonesimulator";
				SWIFT_APPROACHABLE_CONCURRENCY = YES;
				SWIFT_DEFAULT_ACTOR_ISOLATION = MainActor;
				SWIFT_EMIT_LOC_STRINGS = YES;
				SWIFT_UPCOMING_FEATURE_MEMBER_IMPORT_VISIBILITY = YES;
				SWIFT_VERSION = 5.0;
				TARGETED_DEVICE_FAMILY = "1,2";
				XROS_DEPLOYMENT_TARGET = 26.5;
			};
			name = Release;
		};
		98B4EAAA2FE1023500E93082 /* Debug */ = {
			isa = XCBuildConfiguration;
			buildSettings = {
				BUNDLE_LOADER = "$(TEST_HOST)";
				CODE_SIGN_STYLE = Automatic;
				CURRENT_PROJECT_VERSION = 1;
				DEVELOPMENT_TEAM = B73ZRMP4UM;
				GENERATE_INFOPLIST_FILE = YES;
				IPHONEOS_DEPLOYMENT_TARGET = 26.5;
				MACOSX_DEPLOYMENT_TARGET = 26.5;
				MARKETING_VERSION = 1.0;
				PRODUCT_BUNDLE_IDENTIFIER = com.richardking.FitStreakTests;
				PRODUCT_NAME = "$(TARGET_NAME)";
				SDKROOT = auto;
				STRING_CATALOG_GENERATE_SYMBOLS = NO;
				SUPPORTED_PLATFORMS = "iphoneos iphonesimulator";
				SWIFT_APPROACHABLE_CONCURRENCY = YES;
				SWIFT_EMIT_LOC_STRINGS = NO;
				SWIFT_UPCOMING_FEATURE_MEMBER_IMPORT_VISIBILITY = YES;
				SWIFT_VERSION = 5.0;
				TARGETED_DEVICE_FAMILY = "1,2";
				TEST_HOST = "$(BUILT_PRODUCTS_DIR)/FitStreak.app/$(BUNDLE_EXECUTABLE_FOLDER_PATH)/FitStreak";
				XROS_DEPLOYMENT_TARGET = 26.5;
			};
			name = Debug;
		};
		98B4EAAB2FE1023500E93082 /* Release */ = {
			isa = XCBuildConfiguration;
			buildSettings = {
				BUNDLE_LOADER = "$(TEST_HOST)";
				CODE_SIGN_STYLE = Automatic;
				CURRENT_PROJECT_VERSION = 1;
				DEVELOPMENT_TEAM = B73ZRMP4UM;
				GENERATE_INFOPLIST_FILE = YES;
				IPHONEOS_DEPLOYMENT_TARGET = 26.5;
				MACOSX_DEPLOYMENT_TARGET = 26.5;
				MARKETING_VERSION = 1.0;
				PRODUCT_BUNDLE_IDENTIFIER = com.richardking.FitStreakTests;
				PRODUCT_NAME = "$(TARGET_NAME)";
				SDKROOT = auto;
				STRING_CATALOG_GENERATE_SYMBOLS = NO;
				SUPPORTED_PLATFORMS = "iphoneos iphonesimulator";
				SWIFT_APPROACHABLE_CONCURRENCY = YES;
				SWIFT_EMIT_LOC_STRINGS = NO;
				SWIFT_UPCOMING_FEATURE_MEMBER_IMPORT_VISIBILITY = YES;
				SWIFT_VERSION = 5.0;
				TARGETED_DEVICE_FAMILY = "1,2";
				TEST_HOST = "$(BUILT_PRODUCTS_DIR)/FitStreak.app/$(BUNDLE_EXECUTABLE_FOLDER_PATH)/FitStreak";
				XROS_DEPLOYMENT_TARGET = 26.5;
			};
			name = Release;
		};
		98B4EAAD2FE1023500E93082 /* Debug */ = {
			isa = XCBuildConfiguration;
			buildSettings = {
				CODE_SIGN_STYLE = Automatic;
				CURRENT_PROJECT_VERSION = 1;
				DEVELOPMENT_TEAM = B73ZRMP4UM;
				GENERATE_INFOPLIST_FILE = YES;
				IPHONEOS_DEPLOYMENT_TARGET = 26.5;
				MACOSX_DEPLOYMENT_TARGET = 26.5;
				MARKETING_VERSION = 1.0;
				PRODUCT_BUNDLE_IDENTIFIER = com.richardking.FitStreakUITests;
				PRODUCT_NAME = "$(TARGET_NAME)";
				SDKROOT = auto;
				STRING_CATALOG_GENERATE_SYMBOLS = NO;
				SUPPORTED_PLATFORMS = "iphoneos iphonesimulator";
				SWIFT_APPROACHABLE_CONCURRENCY = YES;
				SWIFT_EMIT_LOC_STRINGS = NO;
				SWIFT_UPCOMING_FEATURE_MEMBER_IMPORT_VISIBILITY = YES;
				SWIFT_VERSION = 5.0;
				TARGETED_DEVICE_FAMILY = "1,2";
				TEST_TARGET_NAME = FitStreak;
				XROS_DEPLOYMENT_TARGET = 26.5;
			};
			name = Debug;
		};
		98B4EAAE2FE1023500E93082 /* Release */ = {
			isa = XCBuildConfiguration;
			buildSettings = {
				CODE_SIGN_STYLE = Automatic;
				CURRENT_PROJECT_VERSION = 1;
				DEVELOPMENT_TEAM = B73ZRMP4UM;
				GENERATE_INFOPLIST_FILE = YES;
				IPHONEOS_DEPLOYMENT_TARGET = 26.5;
				MACOSX_DEPLOYMENT_TARGET = 26.5;
				MARKETING_VERSION = 1.0;
				PRODUCT_BUNDLE_IDENTIFIER = com.richardking.FitStreakUITests;
				PRODUCT_NAME = "$(TARGET_NAME)";
				SDKROOT = auto;
				STRING_CATALOG_GENERATE_SYMBOLS = NO;
				SUPPORTED_PLATFORMS = "iphoneos iphonesimulator";
				SWIFT_APPROACHABLE_CONCURRENCY = YES;
				SWIFT_EMIT_LOC_STRINGS = NO;
				SWIFT_UPCOMING_FEATURE_MEMBER_IMPORT_VISIBILITY = YES;
				SWIFT_VERSION = 5.0;
				TARGETED_DEVICE_FAMILY = "1,2";
				TEST_TARGET_NAME = FitStreak;
				XROS_DEPLOYMENT_TARGET = 26.5;
			};
			name = Release;
		};
/* End XCBuildConfiguration section */

/* Begin XCConfigurationList section */
		9897C8E62FE25F27003A65E0 /* Build configuration list for PBXNativeTarget "FitStreakWidgetExtension" */ = {
			isa = XCConfigurationList;
			buildConfigurations = (
				9897C8E32FE25F27003A65E0 /* Debug */,
				9897C8E42FE25F27003A65E0 /* Release */,
			);
			defaultConfigurationIsVisible = 0;
			defaultConfigurationName = Release;
		};
		98B4EA7E2FE1023400E93082 /* Build configuration list for PBXProject "FitStreak" */ = {
			isa = XCConfigurationList;
			buildConfigurations = (
				98B4EAA42FE1023500E93082 /* Debug */,
				98B4EAA52FE1023500E93082 /* Release */,
			);
			defaultConfigurationIsVisible = 0;
			defaultConfigurationName = Release;
		};
		98B4EAA62FE1023500E93082 /* Build configuration list for PBXNativeTarget "FitStreak" */ = {
			isa = XCConfigurationList;
			buildConfigurations = (
				98B4EAA72FE1023500E93082 /* Debug */,
				98B4EAA82FE1023500E93082 /* Release */,
			);
			defaultConfigurationIsVisible = 0;
			defaultConfigurationName = Release;
		};
		98B4EAA92FE1023500E93082 /* Build configuration list for PBXNativeTarget "FitStreakTests" */ = {
			isa = XCConfigurationList;
			buildConfigurations = (
				98B4EAAA2FE1023500E93082 /* Debug */,
				98B4EAAB2FE1023500E93082 /* Release */,
			);
			defaultConfigurationIsVisible = 0;
			defaultConfigurationName = Release;
		};
		98B4EAAC2FE1023500E93082 /* Build configuration list for PBXNativeTarget "FitStreakUITests" */ = {
			isa = XCConfigurationList;
			buildConfigurations = (
				98B4EAAD2FE1023500E93082 /* Debug */,
				98B4EAAE2FE1023500E93082 /* Release */,
			);
			defaultConfigurationIsVisible = 0;
			defaultConfigurationName = Release;
		};
/* End XCConfigurationList section */
	};
	rootObject = 98B4EA7B2FE1023400E93082 /* Project object */;
}
